
Microsoft Visual Studio Solution File, Format Version 12.00
# Visual Studio 2010
Project("{FAE04EC0-301F-11D3-BF4B-00C04F79EFBC}") = "CarManager.Data", "CarManager.Data\CarManager.Data.csproj", "{E288EE28-C54B-4D96-8186-41941FDE742B}"
EndProject
Project("{FAE04EC0-301F-11D3-BF4B-00C04F79EFBC}") = "CarManager.Web", "CarManager.Web\CarManager.Web.csproj", "{A3B4EEC6-6CE6-4020-9183-D7DDD5D137FD}"
EndProject
Project("{2150E333-8FDC-42A3-9474-1A3956D46DE8}") = ".nuget", ".nuget", "{917F64EA-59DD-4F8C-8B98-43672E8DD49E}"
	ProjectSection(SolutionItems) = preProject
		.nuget\NuGet.Config = .nuget\NuGet.Config
		.nuget\nuget.exe = .nuget\nuget.exe
		.nuget\NuGet.targets = .nuget\NuGet.targets
	EndProjectSection
EndProject
Global
	GlobalSection(SolutionConfigurationPlatforms) = preSolution
		Debug|Any CPU = Debug|Any CPU
		Release|Any CPU = Release|Any CPU
	EndGlobalSection
	GlobalSection(ProjectConfigurationPlatforms) = postSolution
		{E288EE28-C54B-4D96-8186-41941FDE742B}.Debug|Any CPU.ActiveCfg = Debug|Any CPU
		{E288EE28-C54B-4D96-8186-41941FDE742B}.Debug|Any CPU.Build.0 = Debug|Any CPU
		{E288EE28-C54B-4D96-8186-41941FDE742B}.Release|Any CPU.ActiveCfg = Release|Any CPU
		{E288EE28-C54B-4D96-8186-41941FDE742B}.Release|Any CPU.Build.0 = Release|Any CPU
		{A3B4EEC6-6CE6-4020-9183-D7DDD5D137FD}.Debug|Any CPU.ActiveCfg = Debug|Any CPU
		{A3B4EEC6-6CE6-4020-9183-D7DDD5D137FD}.Debug|Any CPU.Build.0 = Debug|Any CPU
		{A3B4EEC6-6CE6-4020-9183-D7DDD5D137FD}.Release|Any CPU.ActiveCfg = Release|Any CPU
		{A3B4EEC6-6CE6-4020-9183-D7DDD5D137FD}.Release|Any CPU.Build.0 = Release|Any CPU
	EndGlobalSection
	GlobalSection(SolutionProperties) = preSolution
		HideSolutionNode = FALSE
	EndGlobalSection
EndGlobal
